// !$*UTF8*$!
{
	archiveVersion = 1;
	classes = {
	};
	objectVersion = 56;
	objects = {

/* Begin PBXBuildFile section */
		4B2A50652C225D840014EDDD /* MovieCell.swift in Sources */ = {isa = PBXBuildFile; fileRef = 4B2A50642C225D840014EDDD /* MovieCell.swift */; };
		4B94E19B2C2D01AC0010C4A5 /* DetailViewController.swift in Sources */ = {isa = PBXBuildFile; fileRef = 4B94E19A2C2D01AC0010C4A5 /* DetailViewController.swift */; };
		4B9AFD032C3D6B0E00EA09C8 /* Listbullets.png in Resources */ = {isa = PBXBuildFile; fileRef = 4B9AFD012C3D6B0E00EA09C8 /* Listbullets.png */; };
		4B9AFD042C3D6B0E00EA09C8 /* Trailer.png in Resources */ = {isa = PBXBuildFile; fileRef = 4B9AFD022C3D6B0E00EA09C8 /* Trailer.png */; };
		4B9AFD062C3D6EC700EA09C8 /* TheaterCell.swift in Sources */ = {isa = PBXBuildFile; fileRef = 4B9AFD052C3D6EC700EA09C8 /* TheaterCell.swift */; };
		4B9AFD082C3D6FBC00EA09C8 /* TheaterListController.swift in Sources */ = {isa = PBXBuildFile; fileRef = 4B9AFD072C3D6FBC00EA09C8 /* TheaterListController.swift */; };
		4B9D1C2A2C1BDA7500C2E4BF /* AppDelegate.swift in Sources */ = {isa = PBXBuildFile; fileRef = 4B9D1C292C1BDA7500C2E4BF /* AppDelegate.swift */; };
		4B9D1C2C2C1BDA7500C2E4BF /* SceneDelegate.swift in Sources */ = {isa = PBXBuildFile; fileRef = 4B9D1C2B2C1BDA7500C2E4BF /* SceneDelegate.swift */; };
		4B9D1C312C1BDA7500C2E4BF /* Base in Resources */ = {isa = PBXBuildFile; fileRef = 4B9D1C302C1BDA7500C2E4BF /* Base */; };
		4B9D1C332C1BDA7600C2E4BF /* Assets.xcassets in Resources */ = {isa = PBXBuildFile; fileRef = 4B9D1C322C1BDA7600C2E4BF /* Assets.xcassets */; };
		4B9D1C362C1BDA7600C2E4BF /* Base in Resources */ = {isa = PBXBuildFile; fileRef = 4B9D1C352C1BDA7600C2E4BF /* Base */; };
		4B9D1C3E2C1BDE6200C2E4BF /* ListViewController.swift in Sources */ = {isa = PBXBuildFile; fileRef = 4B9D1C3D2C1BDE6200C2E4BF /* ListViewController.swift */; };
		4B9D1C402C1C1EE200C2E4BF /* MovieVO.swift in Sources */ = {isa = PBXBuildFile; fileRef = 4B9D1C3F2C1C1EE200C2E4BF /* MovieVO.swift */; };
		4BCC5F182C22CDF90023E768 /* darknight.jpg in Resources */ = {isa = PBXBuildFile; fileRef = 4BCC5F152C22CDF90023E768 /* darknight.jpg */; };
		4BCC5F192C22CDF90023E768 /* rain.jpg in Resources */ = {isa = PBXBuildFile; fileRef = 4BCC5F162C22CDF90023E768 /* rain.jpg */; };
		4BCC5F1A2C22CDF90023E768 /* secret.jpg in Resources */ = {isa = PBXBuildFile; fileRef = 4BCC5F172C22CDF90023E768 /* secret.jpg */; };
/* End PBXBuildFile section */

/* Begin PBXFileReference section */
		4B2A50642C225D840014EDDD /* MovieCell.swift */ = {isa = PBXFileReference; lastKnownFileType = sourcecode.swift; path = MovieCell.swift; sourceTree = "<group>"; };
		4B94E19A2C2D01AC0010C4A5 /* DetailViewController.swift */ = {isa = PBXFileReference; lastKnownFileType = sourcecode.swift; path = DetailViewController.swift; sourceTree = "<group>"; };
		4B9AFD012C3D6B0E00EA09C8 /* Listbullets.png */ = {isa = PBXFileReference; lastKnownFileType = image.png; path = Listbullets.png; sourceTree = "<group>"; };
		4B9AFD022C3D6B0E00EA09C8 /* Trailer.png */ = {isa = PBXFileReference; lastKnownFileType = image.png; path = Trailer.png; sourceTree = "<group>"; };
		4B9AFD052C3D6EC700EA09C8 /* TheaterCell.swift */ = {isa = PBXFileReference; lastKnownFileType = sourcecode.swift; path = TheaterCell.swift; sourceTree = "<group>"; };
		4B9AFD072C3D6FBC00EA09C8 /* TheaterListController.swift */ = {isa = PBXFileReference; lastKnownFileType = sourcecode.swift; path = TheaterListController.swift; sourceTree = "<group>"; };
		4B9D1C262C1BDA7500C2E4BF /* MyMovieChart.app */ = {isa = PBXFileReference; explicitFileType = wrapper.application; includeInIndex = 0; path = MyMovieChart.app; sourceTree = BUILT_PRODUCTS_DIR; };
		4B9D1C292C1BDA7500C2E4BF /* AppDelegate.swift */ = {isa = PBXFileReference; lastKnownFileType = sourcecode.swift; path = AppDelegate.swift; sourceTree = "<group>"; };
		4B9D1C2B2C1BDA7500C2E4BF /* SceneDelegate.swift */ = {isa = PBXFileReference; lastKnownFileType = sourcecode.swift; path = SceneDelegate.swift; sourceTree = "<group>"; };
		4B9D1C302C1BDA7500C2E4BF /* Base */ = {isa = PBXFileReference; lastKnownFileType = file.storyboard; name = Base; path = Base.lproj/Main.storyboard; sourceTree = "<group>"; };
		4B9D1C322C1BDA7600C2E4BF /* Assets.xcassets */ = {isa = PBXFileReference; lastKnownFileType = folder.assetcatalog; path = Assets.xcassets; sourceTree = "<group>"; };
		4B9D1C352C1BDA7600C2E4BF /* Base */ = {isa = PBXFileReference; lastKnownFileType = file.storyboard; name = Base; path = Base.lproj/LaunchScreen.storyboard; sourceTree = "<group>"; };
		4B9D1C372C1BDA7600C2E4BF /* Info.plist */ = {isa = PBXFileReference; lastKnownFileType = text.plist.xml; path = Info.plist; sourceTree = "<group>"; };
		4B9D1C3D2C1BDE6200C2E4BF /* ListViewController.swift */ = {isa = PBXFileReference; lastKnownFileType = sourcecode.swift; path = ListViewController.swift; sourceTree = "<group>"; };
		4B9D1C3F2C1C1EE200C2E4BF /* MovieVO.swift */ = {isa = PBXFileReference; lastKnownFileType = sourcecode.swift; path = MovieVO.swift; sourceTree = "<group>"; };
		4BCC5F152C22CDF90023E768 /* darknight.jpg */ = {isa = PBXFileReference; lastKnownFileType = image.jpeg; path = darknight.jpg; sourceTree = "<group>"; };
		4BCC5F162C22CDF90023E768 /* rain.jpg */ = {isa = PBXFileReference; lastKnownFileType = image.jpeg; path = rain.jpg; sourceTree = "<group>"; };
		4BCC5F172C22CDF90023E768 /* secret.jpg */ = {isa = PBXFileReference; lastKnownFileType = image.jpeg; path = secret.jpg; sourceTree = "<group>"; };
/* End PBXFileReference section */

/* Begin PBXFrameworksBuildPhase section */
		4B9D1C232C1BDA7500C2E4BF /* Frameworks */ = {
			isa = PBXFrameworksBuildPhase;
			buildActionMask = 2147483647;
			files = (
			);
			runOnlyForDeploymentPostprocessing = 0;
		};
/* End PBXFrameworksBuildPhase section */

/* Begin PBXGroup section */
		4B9D1C1D2C1BDA7500C2E4BF = {
			isa = PBXGroup;
			children = (
				4B9D1C282C1BDA7500C2E4BF /* MyMovieChart */,
				4B9D1C272C1BDA7500C2E4BF /* Products */,
			);
			sourceTree = "<group>";
		};
		4B9D1C272C1BDA7500C2E4BF /* Products */ = {
			isa = PBXGroup;
			children = (
				4B9D1C262C1BDA7500C2E4BF /* MyMovieChart.app */,
			);
			name = Products;
			sourceTree = "<group>";
		};
		4B9D1C282C1BDA7500C2E4BF /* MyMovieChart */ = {
			isa = PBXGroup;
			children = (
				4BCC5F142C22CCE70023E768 /* Resources */,
				4B9D1C292C1BDA7500C2E4BF /* AppDelegate.swift */,
				4B9D1C2B2C1BDA7500C2E4BF /* SceneDelegate.swift */,
				4B9D1C3D2C1BDE6200C2E4BF /* ListViewController.swift */,
				4B2A50642C225D840014EDDD /* MovieCell.swift */,
				4B9AFD052C3D6EC700EA09C8 /* TheaterCell.swift */,
				4B9D1C2F2C1BDA7500C2E4BF /* Main.storyboard */,
				4B9AFD072C3D6FBC00EA09C8 /* TheaterListController.swift */,
				4B94E19A2C2D01AC0010C4A5 /* DetailViewController.swift */,
				4B9D1C3F2C1C1EE200C2E4BF /* MovieVO.swift */,
				4B9D1C322C1BDA7600C2E4BF /* Assets.xcassets */,
				4B9D1C342C1BDA7600C2E4BF /* LaunchScreen.storyboard */,
				4B9D1C372C1BDA7600C2E4BF /* Info.plist */,
			);
			path = MyMovieChart;
			sourceTree = "<group>";
		};
		4BCC5F142C22CCE70023E768 /* Resources */ = {
			isa = PBXGroup;
			children = (
				4BCC5F152C22CDF90023E768 /* darknight.jpg */,
				4BCC5F162C22CDF90023E768 /* rain.jpg */,
				4BCC5F172C22CDF90023E768 /* secret.jpg */,
				4B9AFD012C3D6B0E00EA09C8 /* Listbullets.png */,
				4B9AFD022C3D6B0E00EA09C8 /* Trailer.png */,
			);
			path = Resources;
			sourceTree = "<group>";
		};
/* End PBXGroup section */

/* Begin PBXNativeTarget section */
		4B9D1C252C1BDA7500C2E4BF /* MyMovieChart */ = {
			isa = PBXNativeTarget;
			buildConfigurationList = 4B9D1C3A2C1BDA7600C2E4BF /* Build configuration list for PBXNativeTarget "MyMovieChart" */;
			buildPhases = (
				4B9D1C222C1BDA7500C2E4BF /* Sources */,
				4B9D1C232C1BDA7500C2E4BF /* Frameworks */,
				4B9D1C242C1BDA7500C2E4BF /* Resources */,
			);
			buildRules = (
			);
			dependencies = (
			);
			name = MyMovieChart;
			productName = MyMovieChart;
			productReference = 4B9D1C262C1BDA7500C2E4BF /* MyMovieChart.app */;
			productType = "com.apple.product-type.application";
		};
/* End PBXNativeTarget section */

/* Begin PBXProject section */
		4B9D1C1E2C1BDA7500C2E4BF /* Project object */ = {
			isa = PBXProject;
			attributes = {
				BuildIndependentTargetsInParallel = 1;
				LastSwiftUpdateCheck = 1540;
				LastUpgradeCheck = 1540;
				TargetAttributes = {
					4B9D1C252C1BDA7500C2E4BF = {
						CreatedOnToolsVersion = 15.4;
					};
				};
			};
			buildConfigurationList = 4B9D1C212C1BDA7500C2E4BF /* Build configuration list for PBXProject "MyMovieChart" */;
			compatibilityVersion = "Xcode 14.0";
			developmentRegion = en;
			hasScannedForEncodings = 0;
			knownRegions = (
				en,
				Base,
			);
			mainGroup = 4B9D1C1D2C1BDA7500C2E4BF;
			productRefGroup = 4B9D1C272C1BDA7500C2E4BF /* Products */;
			projectDirPath = "";
			projectRoot = "";
			targets = (
				4B9D1C252C1BDA7500C2E4BF /* MyMovieChart */,
			);
		};
/* End PBXProject section */

/* Begin PBXResourcesBuildPhase section */
		4B9D1C242C1BDA7500C2E4BF /* Resources */ = {
			isa = PBXResourcesBuildPhase;
			buildActionMask = 2147483647;
			files = (
				4B9AFD032C3D6B0E00EA09C8 /* Listbullets.png in Resources */,
				4B9AFD042C3D6B0E00EA09C8 /* Trailer.png in Resources */,
				4BCC5F182C22CDF90023E768 /* darknight.jpg in Resources */,
				4BCC5F1A2C22CDF90023E768 /* secret.jpg in Resources */,
				4BCC5F192C22CDF90023E768 /* rain.jpg in Resources */,
				4B9D1C332C1BDA7600C2E4BF /* Assets.xcassets in Resources */,
				4B9D1C362C1BDA7600C2E4BF /* Base in Resources */,
				4B9D1C312C1BDA7500C2E4BF /* Base in Resources */,
			);
			runOnlyForDeploymentPostprocessing = 0;
		};
/* End PBXResourcesBuildPhase section */

/* Begin PBXSourcesBuildPhase section */
		4B9D1C222C1BDA7500C2E4BF /* Sources */ = {
			isa = PBXSourcesBuildPhase;
			buildActionMask = 2147483647;
			files = (
				4B9D1C2A2C1BDA7500C2E4BF /* AppDelegate.swift in Sources */,
				4B9AFD062C3D6EC700EA09C8 /* TheaterCell.swift in Sources */,
				4B9D1C3E2C1BDE6200C2E4BF /* ListViewController.swift in Sources */,
				4B9AFD082C3D6FBC00EA09C8 /* TheaterListController.swift in Sources */,
				4B9D1C2C2C1BDA7500C2E4BF /* SceneDelegate.swift in Sources */,
				4B94E19B2C2D01AC0010C4A5 /* DetailViewController.swift in Sources */,
				4B2A50652C225D840014EDDD /* MovieCell.swift in Sources */,
				4B9D1C402C1C1EE200C2E4BF /* MovieVO.swift in Sources */,
			);
			runOnlyForDeploymentPostprocessing = 0;
		};
/* End PBXSourcesBuildPhase section */

/* Begin PBXVariantGroup section */
		4B9D1C2F2C1BDA7500C2E4BF /* Main.storyboard */ = {
			isa = PBXVariantGroup;
			children = (
				4B9D1C302C1BDA7500C2E4BF /* Base */,
			);
			name = Main.storyboard;
			sourceTree = "<group>";
		};
		4B9D1C342C1BDA7600C2E4BF /* LaunchScreen.storyboard */ = {
			isa = PBXVariantGroup;
			children = (
				4B9D1C352C1BDA7600C2E4BF /* Base */,
			);
			name = LaunchScreen.storyboard;
			sourceTree = "<group>";
		};
/* End PBXVariantGroup section */

/* Begin XCBuildConfiguration section */
		4B9D1C382C1BDA7600C2E4BF /* Debug */ = {
			isa = XCBuildConfiguration;
			buildSettings = {
				ALWAYS_SEARCH_USER_PATHS = NO;
				ASSETCATALOG_COMPILER_GENERATE_SWIFT_ASSET_SYMBOL_EXTENSIONS = YES;
				CLANG_ANALYZER_NONNULL = YES;
				CLANG_ANALYZER_NUMBER_OBJECT_CONVERSION = YES_AGGRESSIVE;
				CLANG_CXX_LANGUAGE_STANDARD = "gnu++20";
				CLANG_ENABLE_MODULES = YES;
				CLANG_ENABLE_OBJC_ARC = YES;
				CLANG_ENABLE_OBJC_WEAK = YES;
				CLANG_WARN_BLOCK_CAPTURE_AUTORELEASING = YES;
				CLANG_WARN_BOOL_CONVERSION = YES;
				CLANG_WARN_COMMA = YES;
				CLANG_WARN_CONSTANT_CONVERSION = YES;
				CLANG_WARN_DEPRECATED_OBJC_IMPLEMENTATIONS = YES;
				CLANG_WARN_DIRECT_OBJC_ISA_USAGE = YES_ERROR;
				CLANG_WARN_DOCUMENTATION_COMMENTS = YES;
				CLANG_WARN_EMPTY_BODY = YES;
				CLANG_WARN_ENUM_CONVERSION = YES;
				CLANG_WARN_INFINITE_RECURSION = YES;
				CLANG_WARN_INT_CONVERSION = YES;
				CLANG_WARN_NON_LITERAL_NULL_CONVERSION = YES;
				CLANG_WARN_OBJC_IMPLICIT_RETAIN_SELF = YES;
				CLANG_WARN_OBJC_LITERAL_CONVERSION = YES;
				CLANG_WARN_OBJC_ROOT_CLASS = YES_ERROR;
				CLANG_WARN_QUOTED_INCLUDE_IN_FRAMEWORK_HEADER = YES;
				CLANG_WARN_RANGE_LOOP_ANALYSIS = YES;
				CLANG_WARN_STRICT_PROTOTYPES = YES;
				CLANG_WARN_SUSPICIOUS_MOVE = YES;
				CLANG_WARN_UNGUARDED_AVAILABILITY = YES_AGGRESSIVE;
				CLANG_WARN_UNREACHABLE_CODE = YES;
				CLANG_WARN__DUPLICATE_METHOD_MATCH = YES;
				COPY_PHASE_STRIP = NO;
				DEBUG_INFORMATION_FORMAT = dwarf;
				ENABLE_STRICT_OBJC_MSGSEND = YES;
				ENABLE_TESTABILITY = YES;
				ENABLE_USER_SCRIPT_SANDBOXING = YES;
				GCC_C_LANGUAGE_STANDARD = gnu17;
				GCC_DYNAMIC_NO_PIC = NO;
				GCC_NO_COMMON_BLOCKS = YES;
				GCC_OPTIMIZATION_LEVEL = 0;
				GCC_PREPROCESSOR_DEFINITIONS = (
					"DEBUG=1",
					"$(inherited)",
				);
				GCC_WARN_64_TO_32_BIT_CONVERSION = YES;
				GCC_WARN_ABOUT_RETURN_TYPE = YES_ERROR;
				GCC_WARN_UNDECLARED_SELECTOR = YES;
				GCC_WARN_UNINITIALIZED_AUTOS = YES_AGGRESSIVE;
				GCC_WARN_UNUSED_FUNCTION = YES;
				GCC_WARN_UNUSED_VARIABLE = YES;
				IPHONEOS_DEPLOYMENT_TARGET = 17.5;
				LOCALIZATION_PREFERS_STRING_CATALOGS = YES;
				MTL_ENABLE_DEBUG_INFO = INCLUDE_SOURCE;
				MTL_FAST_MATH = YES;
				ONLY_ACTIVE_ARCH = YES;
				SDKROOT = iphoneos;
				SWIFT_ACTIVE_COMPILATION_CONDITIONS = "DEBUG $(inherited)";
				SWIFT_OPTIMIZATION_LEVEL = "-Onone";
			};
			name = Debug;
		};
		4B9D1C392C1BDA7600C2E4BF /* Release */ = {
			isa = XCBuildConfiguration;
			buildSettings = {
				ALWAYS_SEARCH_USER_PATHS = NO;
				ASSETCATALOG_COMPILER_GENERATE_SWIFT_ASSET_SYMBOL_EXTENSIONS = YES;
				CLANG_ANALYZER_NONNULL = YES;
				CLANG_ANALYZER_NUMBER_OBJECT_CONVERSION = YES_AGGRESSIVE;
				CLANG_CXX_LANGUAGE_STANDARD = "gnu++20";
				CLANG_ENABLE_MODULES = YES;
				CLANG_ENABLE_OBJC_ARC = YES;
				CLANG_ENABLE_OBJC_WEAK = YES;
				CLANG_WARN_BLOCK_CAPTURE_AUTORELEASING = YES;
				CLANG_WARN_BOOL_CONVERSION = YES;
				CLANG_WARN_COMMA = YES;
				CLANG_WARN_CONSTANT_CONVERSION = YES;
				CLANG_WARN_DEPRECATED_OBJC_IMPLEMENTATIONS = YES;
				CLANG_WARN_DIRECT_OBJC_ISA_USAGE = YES_ERROR;
				CLANG_WARN_DOCUMENTATION_COMMENTS = YES;
				CLANG_WARN_EMPTY_BODY = YES;
				CLANG_WARN_ENUM_CONVERSION = YES;
				CLANG_WARN_INFINITE_RECURSION = YES;
				CLANG_WARN_INT_CONVERSION = YES;
				CLANG_WARN_NON_LITERAL_NULL_CONVERSION = YES;
				CLANG_WARN_OBJC_IMPLICIT_RETAIN_SELF = YES;
				CLANG_WARN_OBJC_LITERAL_CONVERSION = YES;
				CLANG_WARN_OBJC_ROOT_CLASS = YES_ERROR;
				CLANG_WARN_QUOTED_INCLUDE_IN_FRAMEWORK_HEADER = YES;
				CLANG_WARN_RANGE_LOOP_ANALYSIS = YES;
				CLANG_WARN_STRICT_PROTOTYPES = YES;
				CLANG_WARN_SUSPICIOUS_MOVE = YES;
				CLANG_WARN_UNGUARDED_AVAILABILITY = YES_AGGRESSIVE;
				CLANG_WARN_UNREACHABLE_CODE = YES;
				CLANG_WARN__DUPLICATE_METHOD_MATCH = YES;
				COPY_PHASE_STRIP = NO;
				DEBUG_INFORMATION_FORMAT = "dwarf-with-dsym";
				ENABLE_NS_ASSERTIONS = NO;
				ENABLE_STRICT_OBJC_MSGSEND = YES;
				ENABLE_USER_SCRIPT_SANDBOXING = YES;
				GCC_C_LANGUAGE_STANDARD = gnu17;
				GCC_NO_COMMON_BLOCKS = YES;
				GCC_WARN_64_TO_32_BIT_CONVERSION = YES;
				GCC_WARN_ABOUT_RETURN_TYPE = YES_ERROR;
				GCC_WARN_UNDECLARED_SELECTOR = YES;
				GCC_WARN_UNINITIALIZED_AUTOS = YES_AGGRESSIVE;
				GCC_WARN_UNUSED_FUNCTION = YES;
				GCC_WARN_UNUSED_VARIABLE = YES;
				IPHONEOS_DEPLOYMENT_TARGET = 17.5;
				LOCALIZATION_PREFERS_STRING_CATALOGS = YES;
				MTL_ENABLE_DEBUG_INFO = NO;
				MTL_FAST_MATH = YES;
				SDKROOT = iphoneos;
				SWIFT_COMPILATION_MODE = wholemodule;
				VALIDATE_PRODUCT = YES;
			};
			name = Release;
		};
		4B9D1C3B2C1BDA7600C2E4BF /* Debug */ = {
			isa = XCBuildConfiguration;
			buildSettings = {
				ASSETCATALOG_COMPILER_APPICON_NAME = AppIcon;
				ASSETCATALOG_COMPILER_GLOBAL_ACCENT_COLOR_NAME = AccentColor;
				CODE_SIGN_STYLE = Automatic;
				CURRENT_PROJECT_VERSION = 1;
				GENERATE_INFOPLIST_FILE = YES;
				INFOPLIST_FILE = MyMovieChart/Info.plist;
				INFOPLIST_KEY_UIApplicationSupportsIndirectInputEvents = YES;
				INFOPLIST_KEY_UILaunchStoryboardName = LaunchScreen;
				INFOPLIST_KEY_UIMainStoryboardFile = Main;
				INFOPLIST_KEY_UISupportedInterfaceOrientations_iPad = "UIInterfaceOrientationPortrait UIInterfaceOrientationPortraitUpsideDown UIInterfaceOrientationLandscapeLeft UIInterfaceOrientationLandscapeRight";
				INFOPLIST_KEY_UISupportedInterfaceOrientations_iPhone = "UIInterfaceOrientationPortrait UIInterfaceOrientationLandscapeLeft UIInterfaceOrientationLandscapeRight";
				LD_RUNPATH_SEARCH_PATHS = (
					"$(inherited)",
					"@executable_path/Frameworks",
				);
				MARKETING_VERSION = 1.0;
				PRODUCT_BUNDLE_IDENTIFIER = kr.co.codegrove.MyMovieChart;
				PRODUCT_NAME = "$(TARGET_NAME)";
				SWIFT_EMIT_LOC_STRINGS = YES;
				SWIFT_VERSION = 5.0;
				TARGETED_DEVICE_FAMILY = "1,2";
			};
			name = Debug;
		};
		4B9D1C3C2C1BDA7600C2E4BF /* Release */ = {
			isa = XCBuildConfiguration;
			buildSettings = {
				ASSETCATALOG_COMPILER_APPICON_NAME = AppIcon;
				ASSETCATALOG_COMPILER_GLOBAL_ACCENT_COLOR_NAME = AccentColor;
				CODE_SIGN_STYLE = Automatic;
				CURRENT_PROJECT_VERSION = 1;
				GENERATE_INFOPLIST_FILE = YES;
				INFOPLIST_FILE = MyMovieChart/Info.plist;
				INFOPLIST_KEY_UIApplicationSupportsIndirectInputEvents = YES;
				INFOPLIST_KEY_UILaunchStoryboardName = LaunchScreen;
				INFOPLIST_KEY_UIMainStoryboardFile = Main;
				INFOPLIST_KEY_UISupportedInterfaceOrientations_iPad = "UIInterfaceOrientationPortrait UIInterfaceOrientationPortraitUpsideDown UIInterfaceOrientationLandscapeLeft UIInterfaceOrientationLandscapeRight";
				INFOPLIST_KEY_UISupportedInterfaceOrientations_iPhone = "UIInterfaceOrientationPortrait UIInterfaceOrientationLandscapeLeft UIInterfaceOrientationLandscapeRight";
				LD_RUNPATH_SEARCH_PATHS = (
					"$(inherited)",
					"@executable_path/Frameworks",
				);
				MARKETING_VERSION = 1.0;
				PRODUCT_BUNDLE_IDENTIFIER = kr.co.codegrove.MyMovieChart;
				PRODUCT_NAME = "$(TARGET_NAME)";
				SWIFT_EMIT_LOC_STRINGS = YES;
				SWIFT_VERSION = 5.0;
				TARGETED_DEVICE_FAMILY = "1,2";
			};
			name = Release;
		};
/* End XCBuildConfiguration section */

/* Begin XCConfigurationList section */
		4B9D1C212C1BDA7500C2E4BF /* Build configuration list for PBXProject "MyMovieChart" */ = {
			isa = XCConfigurationList;
			buildConfigurations = (
				4B9D1C382C1BDA7600C2E4BF /* Debug */,
				4B9D1C392C1BDA7600C2E4BF /* Release */,
			);
			defaultConfigurationIsVisible = 0;
			defaultConfigurationName = Release;
		};
		4B9D1C3A2C1BDA7600C2E4BF /* Build configuration list for PBXNativeTarget "MyMovieChart" */ = {
			isa = XCConfigurationList;
			buildConfigurations = (
				4B9D1C3B2C1BDA7600C2E4BF /* Debug */,
				4B9D1C3C2C1BDA7600C2E4BF /* Release */,
			);
			defaultConfigurationIsVisible = 0;
			defaultConfigurationName = Release;
		};
/* End XCConfigurationList section */
	};
	rootObject = 4B9D1C1E2C1BDA7500C2E4BF /* Project object */;
}
